<?xml version="1.0" encoding="utf-8"?>
<Project ToolsVersion="4.0" xmlns="http://schemas.microsoft.com/developer/msbuild/2003">
  <ItemGroup>
    <Filter Include="supermarket">
      <UniqueIdentifier>{344b56cb-489b-4030-9d57-c724000b9dc5}</UniqueIdentifier>
    </Filter>
    <Filter Include="supermarket\discount">
      <UniqueIdentifier>{94baf842-3499-4ea8-88ab-df3679ad73af}</UniqueIdentifier>
    </Filter>
    <Filter Include="supermarket\product">
      <UniqueIdentifier>{e1e8092b-ee3a-4ca3-b775-3da7b48342f8}</UniqueIdentifier>
    </Filter>
  </ItemGroup>
  <ItemGroup>
    <ClInclude Include="Receipt.hpp">
      <Filter>supermarket</Filter>
    </ClInclude>
    <ClInclude Include="ReceiptHelper.hpp">
      <Filter>supermarket</Filter>
    </ClInclude>
    <ClInclude Include="Supermarket.hpp">
      <Filter>supermarket</Filter>
    </ClInclude>
    <ClInclude Include="Utility.hpp">
      <Filter>supermarket</Filter>
    </ClInclude>
    <ClInclude Include="discount\DiscountManager.hpp">
      <Filter>supermarket\discount</Filter>
    </ClInclude>
    <ClInclude Include="discount\DiscountStrategy.hpp">
      <Filter>supermarket\discount</Filter>
    </ClInclude>
    <ClInclude Include="product\Product.hpp">
      <Filter>supermarket\product</Filter>
    </ClInclude>
    <ClInclude Include="product\ProductCatalog.fwd.hpp">
      <Filter>supermarket\product</Filter>
    </ClInclude>
    <ClInclude Include="product\ProductCatalog.hpp">
      <Filter>supermarket\product</Filter>
    </ClInclude>
    <ClInclude Include="product\ProductCatalogFiller.hpp">
      <Filter>supermarket\product</Filter>
    </ClInclude>
  </ItemGroup>
  <ItemGroup>
    <ClCompile Include="Receipt.cpp">
      <Filter>supermarket</Filter>
    </ClCompile>
    <ClCompile Include="ReceiptHelper.cpp">
      <Filter>supermarket</Filter>
    </ClCompile>
    <ClCompile Include="Supermarket.cpp">
      <Filter>supermarket</Filter>
    </ClCompile>
    <ClCompile Include="discount\DiscountManager.cpp">
      <Filter>supermarket\discount</Filter>
    </ClCompile>
    <ClCompile Include="discount\DiscountStrategy.cpp">
      <Filter>supermarket\discount</Filter>
    </ClCompile>
    <ClCompile Include="product\Product.cpp">
      <Filter>supermarket\product</Filter>
    </ClCompile>
    <ClCompile Include="product\ProductCatalog.cpp">
      <Filter>supermarket\product</Filter>
    </ClCompile>
  </ItemGroup>
</Project>